
Microsoft Visual Studio Solution File, Format Version 12.00
# Visual Studio Version 16
VisualStudioVersion = 16.0.31424.327
MinimumVisualStudioVersion = 10.0.40219.1
Project("{9A19103F-16F7-4668-BE54-9A1E7A4F7556}") = "Presentation", "Doctors\Presentation.csproj", "{954EA2E2-8935-4046-94E1-69B24E72C951}"
EndProject
Project("{9A19103F-16F7-4668-BE54-9A1E7A4F7556}") = "Core", "Core\Core.csproj", "{DBC8CBB9-5763-4488-B4BC-5BF09609416F}"
EndProject
Project("{9A19103F-16F7-4668-BE54-9A1E7A4F7556}") = "DatabaseModels", "DatabaseModels\DatabaseModels.csproj", "{3C00BCAB-AE65-45D3-B84D-22B08425AE24}"
EndProject
Project("{9A19103F-16F7-4668-BE54-9A1E7A4F7556}") = "DatabaseContext", "DatabaseContext\DatabaseContext.csproj", "{C2CB7FA7-7565-4406-9924-0D315075B8D0}"
EndProject
Project("{2150E333-8FDC-42A3-9474-1A3956D46DE8}") = "Solution Items", "Solution Items", "{1406DBD1-0D46-453D-8FCA-49BE31739472}"
	ProjectSection(SolutionItems) = preProject
		.editorconfig = .editorconfig
	EndProjectSection
EndProject
Global
	GlobalSection(SolutionConfigurationPlatforms) = preSolution
		Debug|Any CPU = Debug|Any CPU
		Release|Any CPU = Release|Any CPU
	EndGlobalSection
	GlobalSection(ProjectConfigurationPlatforms) = postSolution
		{954EA2E2-8935-4046-94E1-69B24E72C951}.Debug|Any CPU.ActiveCfg = Debug|Any CPU
		{954EA2E2-8935-4046-94E1-69B24E72C951}.Debug|Any CPU.Build.0 = Debug|Any CPU
		{954EA2E2-8935-4046-94E1-69B24E72C951}.Release|Any CPU.ActiveCfg = Release|Any CPU
		{954EA2E2-8935-4046-94E1-69B24E72C951}.Release|Any CPU.Build.0 = Release|Any CPU
		{DBC8CBB9-5763-4488-B4BC-5BF09609416F}.Debug|Any CPU.ActiveCfg = Debug|Any CPU
		{DBC8CBB9-5763-4488-B4BC-5BF09609416F}.Debug|Any CPU.Build.0 = Debug|Any CPU
		{DBC8CBB9-5763-4488-B4BC-5BF09609416F}.Release|Any CPU.ActiveCfg = Release|Any CPU
		{DBC8CBB9-5763-4488-B4BC-5BF09609416F}.Release|Any CPU.Build.0 = Release|Any CPU
		{3C00BCAB-AE65-45D3-B84D-22B08425AE24}.Debug|Any CPU.ActiveCfg = Debug|Any CPU
		{3C00BCAB-AE65-45D3-B84D-22B08425AE24}.Debug|Any CPU.Build.0 = Debug|Any CPU
		{3C00BCAB-AE65-45D3-B84D-22B08425AE24}.Release|Any CPU.ActiveCfg = Release|Any CPU
		{3C00BCAB-AE65-45D3-B84D-22B08425AE24}.Release|Any CPU.Build.0 = Release|Any CPU
		{C2CB7FA7-7565-4406-9924-0D315075B8D0}.Debug|Any CPU.ActiveCfg = Debug|Any CPU
		{C2CB7FA7-7565-4406-9924-0D315075B8D0}.Debug|Any CPU.Build.0 = Debug|Any CPU
		{C2CB7FA7-7565-4406-9924-0D315075B8D0}.Release|Any CPU.ActiveCfg = Release|Any CPU
		{C2CB7FA7-7565-4406-9924-0D315075B8D0}.Release|Any CPU.Build.0 = Release|Any CPU
	EndGlobalSection
	GlobalSection(SolutionProperties) = preSolution
		HideSolutionNode = FALSE
	EndGlobalSection
	GlobalSection(ExtensibilityGlobals) = postSolution
		SolutionGuid = {C050E48E-BFEB-4189-B54E-FD532CDFFFD4}
	EndGlobalSection
EndGlobal
